
Microsoft Visual Studio Solution File, Format Version 12.00
# Visual Studio Version 17
VisualStudioVersion = 17.7.34202.233
MinimumVisualStudioVersion = 10.0.40219.1
Project("{FAE04EC0-301F-11D3-BF4B-00C04F79EFBC}") = "CSUREINFOTECHAPI", "CSUREINFOTECHAPI\CSUREINFOTECHAPI.csproj", "{940EEFCC-30C7-4632-BF8C-EA4B8F466DB1}"
EndProject
Global
	GlobalSection(SolutionConfigurationPlatforms) = preSolution
		Debug|Any CPU = Debug|Any CPU
		Release|Any CPU = Release|Any CPU
	EndGlobalSection
	GlobalSection(ProjectConfigurationPlatforms) = postSolution
		{940EEFCC-30C7-4632-BF8C-EA4B8F466DB1}.Debug|Any CPU.ActiveCfg = Debug|Any CPU
		{940EEFCC-30C7-4632-BF8C-EA4B8F466DB1}.Debug|Any CPU.Build.0 = Debug|Any CPU
		{940EEFCC-30C7-4632-BF8C-EA4B8F466DB1}.Release|Any CPU.ActiveCfg = Release|Any CPU
		{940EEFCC-30C7-4632-BF8C-EA4B8F466DB1}.Release|Any CPU.Build.0 = Release|Any CPU
	EndGlobalSection
	GlobalSection(SolutionProperties) = preSolution
		HideSolutionNode = FALSE
	EndGlobalSection
	GlobalSection(ExtensibilityGlobals) = postSolution
		SolutionGuid = {3E975E5B-51EC-4893-8990-9BE06FF5A91C}
	EndGlobalSection
EndGlobal
